{
	"name": "prettify-pvs",
	"version": "1.0.0",
	"lockfileVersion": 2,
	"requires": true,
	"packages": {
		"": {
			"name": "prettify-pvs",
			"version": "1.0.0",
			"license": "NASA-1.3",
			"dependencies": {
				"jsdoc": "^0.0.0",
				"typescript": "^3.7.3"
			},
			"devDependencies": {
				"@types/node": "12.12.2"
			}
		},
		"node_modules/@types/node": {
			"version": "12.12.2",
			"resolved": "https://registry.npmjs.org/@types/node/-/node-12.12.2.tgz",
			"integrity": "sha512-Dt624lmxSFhjor3/QoBAJyqKbPgPnJETqG+eUSxOYwwq5HeHh9hel1c4YAcFmCsClMESmMqcTBbfkjWK+ytCsg==",
			"dev": true
		},
		"node_modules/jsdoc": {
			"version": "0.0.0",
			"resolved": "https://registry.npmjs.org/jsdoc/-/jsdoc-0.0.0.tgz",
			"integrity": "sha1-ER6hLdTA3hxhgFbSvmR+wyOaL74=",
			"deprecated": "It never worked",
			"engines": {
				"node": "~v0.4.10"
			}
		},
		"node_modules/typescript": {
			"version": "3.8.3",
			"resolved": "https://registry.npmjs.org/typescript/-/typescript-3.8.3.tgz",
			"integrity": "sha512-MYlEfn5VrLNsgudQTVJeNaQFUAI7DkhnOjdpAp4T+ku1TfQClewlbSuTVHiA+8skNBgaf02TL/kLOvig4y3G8w==",
			"bin": {
				"tsc": "bin/tsc",
				"tsserver": "bin/tsserver"
			},
			"engines": {
				"node": ">=4.2.0"
			}
		}
	},
	"dependencies": {
		"@types/node": {
			"version": "12.12.2",
			"resolved": "https://registry.npmjs.org/@types/node/-/node-12.12.2.tgz",
			"integrity": "sha512-Dt624lmxSFhjor3/QoBAJyqKbPgPnJETqG+eUSxOYwwq5HeHh9hel1c4YAcFmCsClMESmMqcTBbfkjWK+ytCsg==",
			"dev": true
		},
		"jsdoc": {
			"version": "0.0.0",
			"resolved": "https://registry.npmjs.org/jsdoc/-/jsdoc-0.0.0.tgz",
			"integrity": "sha1-ER6hLdTA3hxhgFbSvmR+wyOaL74="
		},
		"typescript": {
			"version": "3.8.3",
			"resolved": "https://registry.npmjs.org/typescript/-/typescript-3.8.3.tgz",
			"integrity": "sha512-MYlEfn5VrLNsgudQTVJeNaQFUAI7DkhnOjdpAp4T+ku1TfQClewlbSuTVHiA+8skNBgaf02TL/kLOvig4y3G8w=="
		}
	}
}
