{
	"name": "vscode-pvs-client",
	"version": "*",
	"lockfileVersion": 3,
	"requires": true,
	"packages": {
		"": {
			"name": "vscode-pvs-client",
			"version": "*",
			"license": "NASA-1.3",
			"dependencies": {
				"animate.css": "^4.1.1",
				"backbone": "^1.4.0",
				"bootstrap": "^4.6.0",
				"d3-hierarchy": "^2.0.0",
				"font-awesome": "^4.7.0",
				"handlebars": "^4.7.7",
				"jquery": "^3.6.0",
				"pvsioweb.prototype-builder.min": "^0.0.21",
				"typescript": "^4.9.5",
				"underscore": "^1.13.1",
				"vscode-languageclient": "^5.2.1",
				"xterm": "^4.18.0"
			},
			"devDependencies": {
				"@types/backbone": "^1.3.42",
				"@types/jquery": "^3.5.5",
				"@types/node": "^20.11.1",
				"@types/vscode": "^1.76.0"
			},
			"engines": {
				"vscode": "^1.76.0"
			}
		},
		"node_modules/@types/backbone": {
			"version": "1.4.23",
			"resolved": "https://registry.npmjs.org/@types/backbone/-/backbone-1.4.23.tgz",
			"integrity": "sha512-B/hN/DAJdWFOusEkEoa5xgfVuxJJPOR/6JQ2uwURPDyKL24PuC76IR6EcSRJ6lvGWtxHRQYMJQhJYm6KpMDtGQ==",
			"dev": true,
			"license": "MIT",
			"dependencies": {
				"@types/jquery": "*",
				"@types/underscore": "*"
			}
		},
		"node_modules/@types/jquery": {
			"version": "3.5.32",
			"resolved": "https://registry.npmjs.org/@types/jquery/-/jquery-3.5.32.tgz",
			"integrity": "sha512-b9Xbf4CkMqS02YH8zACqN1xzdxc3cO735Qe5AbSUFmyOiaWAbcpqh9Wna+Uk0vgACvoQHpWDg2rGdHkYPLmCiQ==",
			"dev": true,
			"license": "MIT",
			"dependencies": {
				"@types/sizzle": "*"
			}
		},
		"node_modules/@types/node": {
			"version": "20.17.32",
			"resolved": "https://registry.npmjs.org/@types/node/-/node-20.17.32.tgz",
			"integrity": "sha512-zeMXFn8zQ+UkjK4ws0RiOC9EWByyW1CcVmLe+2rQocXRsGEDxUCwPEIVgpsGcLHS/P8JkT0oa3839BRABS0oPw==",
			"dev": true,
			"license": "MIT",
			"dependencies": {
				"undici-types": "~6.19.2"
			}
		},
		"node_modules/@types/sizzle": {
			"version": "2.3.9",
			"resolved": "https://registry.npmjs.org/@types/sizzle/-/sizzle-2.3.9.tgz",
			"integrity": "sha512-xzLEyKB50yqCUPUJkIsrVvoWNfFUbIZI+RspLWt8u+tIW/BetMBZtgV2LY/2o+tYH8dRvQ+eoPf3NdhQCcLE2w==",
			"dev": true,
			"license": "MIT"
		},
		"node_modules/@types/underscore": {
			"version": "1.13.0",
			"resolved": "https://registry.npmjs.org/@types/underscore/-/underscore-1.13.0.tgz",
			"integrity": "sha512-L6LBgy1f0EFQZ+7uSA57+n2g/s4Qs5r06Vwrwn0/nuK1de+adz00NWaztRQ30aEqw5qOaWbPI8u2cGQ52lj6VA==",
			"dev": true,
			"license": "MIT"
		},
		"node_modules/@types/vscode": {
			"version": "1.99.1",
			"resolved": "https://registry.npmjs.org/@types/vscode/-/vscode-1.99.1.tgz",
			"integrity": "sha512-cQlqxHZ040ta6ovZXnXRxs3fJiTmlurkIWOfZVcLSZPcm9J4ikFpXuB7gihofGn5ng+kDVma5EmJIclfk0trPQ==",
			"dev": true,
			"license": "MIT"
		},
		"node_modules/animate.css": {
			"version": "4.1.1",
			"resolved": "https://registry.npmjs.org/animate.css/-/animate.css-4.1.1.tgz",
			"integrity": "sha512-+mRmCTv6SbCmtYJCN4faJMNFVNN5EuCTTprDTAo7YzIGji2KADmakjVA3+8mVDkZ2Bf09vayB35lSQIex2+QaQ==",
			"license": "MIT"
		},
		"node_modules/backbone": {
			"version": "1.6.1",
			"resolved": "https://registry.npmjs.org/backbone/-/backbone-1.6.1.tgz",
			"integrity": "sha512-YQzWxOrIgL6BoFnZjThVN99smKYhyEXXFyJJ2lsF1wJLyo4t+QjmkLrH8/fN22FZ4ykF70Xq7PgTugJVR4zS9Q==",
			"license": "MIT",
			"dependencies": {
				"underscore": ">=1.8.3"
			}
		},
		"node_modules/bootstrap": {
			"version": "4.6.2",
			"resolved": "https://registry.npmjs.org/bootstrap/-/bootstrap-4.6.2.tgz",
			"integrity": "sha512-51Bbp/Uxr9aTuy6ca/8FbFloBUJZLHwnhTcnjIeRn2suQWsWzcuJhGjKDB5eppVte/8oCdOL3VuwxvZDUggwGQ==",
			"funding": [
				{
					"type": "github",
					"url": "https://github.com/sponsors/twbs"
				},
				{
					"type": "opencollective",
					"url": "https://opencollective.com/bootstrap"
				}
			],
			"license": "MIT",
			"peerDependencies": {
				"jquery": "1.9.1 - 3",
				"popper.js": "^1.16.1"
			}
		},
		"node_modules/d3-hierarchy": {
			"version": "2.0.0",
			"resolved": "https://registry.npmjs.org/d3-hierarchy/-/d3-hierarchy-2.0.0.tgz",
			"integrity": "sha512-SwIdqM3HxQX2214EG9GTjgmCc/mbSx4mQBn+DuEETubhOw6/U3fmnji4uCVrmzOydMHSO1nZle5gh6HB/wdOzw==",
			"license": "BSD-3-Clause"
		},
		"node_modules/font-awesome": {
			"version": "4.7.0",
			"resolved": "https://registry.npmjs.org/font-awesome/-/font-awesome-4.7.0.tgz",
			"integrity": "sha512-U6kGnykA/6bFmg1M/oT9EkFeIYv7JlX3bozwQJWiiLz6L0w3F5vBVPxHlwyX/vtNq1ckcpRKOB9f2Qal/VtFpg==",
			"license": "(OFL-1.1 AND MIT)",
			"engines": {
				"node": ">=0.10.3"
			}
		},
		"node_modules/handlebars": {
			"version": "4.7.8",
			"resolved": "https://registry.npmjs.org/handlebars/-/handlebars-4.7.8.tgz",
			"integrity": "sha512-vafaFqs8MZkRrSX7sFVUdo3ap/eNiLnb4IakshzvP56X5Nr1iGKAIqdX6tMlm6HcNRIkr6AxO5jFEoJzzpT8aQ==",
			"license": "MIT",
			"dependencies": {
				"minimist": "^1.2.5",
				"neo-async": "^2.6.2",
				"source-map": "^0.6.1",
				"wordwrap": "^1.0.0"
			},
			"bin": {
				"handlebars": "bin/handlebars"
			},
			"engines": {
				"node": ">=0.4.7"
			},
			"optionalDependencies": {
				"uglify-js": "^3.1.4"
			}
		},
		"node_modules/jquery": {
			"version": "3.7.1",
			"resolved": "https://registry.npmjs.org/jquery/-/jquery-3.7.1.tgz",
			"integrity": "sha512-m4avr8yL8kmFN8psrbFFFmB/If14iN5o9nw/NgnnM+kybDJpRsAynV2BsfpTYrTRysYUdADVD7CkUUizgkpLfg==",
			"license": "MIT"
		},
		"node_modules/minimist": {
			"version": "1.2.8",
			"resolved": "https://registry.npmjs.org/minimist/-/minimist-1.2.8.tgz",
			"integrity": "sha512-2yyAR8qBkN3YuheJanUpWC5U3bb5osDywNB8RzDVlDwDHbocAJveqqj1u8+SVD7jkWT4yvsHCpWqqWqAxb0zCA==",
			"license": "MIT",
			"funding": {
				"url": "https://github.com/sponsors/ljharb"
			}
		},
		"node_modules/neo-async": {
			"version": "2.6.2",
			"resolved": "https://registry.npmjs.org/neo-async/-/neo-async-2.6.2.tgz",
			"integrity": "sha512-Yd3UES5mWCSqR+qNT93S3UoYUkqAZ9lLg8a7g9rimsWmYGK8cVToA4/sF3RrshdyV3sAGMXVUmpMYOw+dLpOuw==",
			"license": "MIT"
		},
		"node_modules/popper.js": {
			"version": "1.16.1",
			"resolved": "https://registry.npmjs.org/popper.js/-/popper.js-1.16.1.tgz",
			"integrity": "sha512-Wb4p1J4zyFTbM+u6WuO4XstYx4Ky9Cewe4DWrel7B0w6VVICvPwdOpotjzcf6eD8TsckVnIMNONQyPIUFOUbCQ==",
			"deprecated": "You can find the new Popper v2 at @popperjs/core, this package is dedicated to the legacy v1",
			"license": "MIT",
			"peer": true,
			"funding": {
				"type": "opencollective",
				"url": "https://opencollective.com/popperjs"
			}
		},
		"node_modules/pvsioweb.prototype-builder.min": {
			"version": "0.0.21",
			"resolved": "https://registry.npmjs.org/pvsioweb.prototype-builder.min/-/pvsioweb.prototype-builder.min-0.0.21.tgz",
			"integrity": "sha512-UN3oGIM6ZU/aD423kvHp42yZoWikCLP6p8Equ/Lag55QmXOGBUkk5/vcqvQIve8bnz9qpbTY5+xKMi0PvbcFhg==",
			"license": "GPLV3"
		},
		"node_modules/semver": {
			"version": "5.7.2",
			"resolved": "https://registry.npmjs.org/semver/-/semver-5.7.2.tgz",
			"integrity": "sha512-cBznnQ9KjJqU67B52RMC65CMarK2600WFnbkcaiwWq3xy/5haFJlshgnpjovMVJ+Hff49d8GEn0b87C5pDQ10g==",
			"license": "ISC",
			"bin": {
				"semver": "bin/semver"
			}
		},
		"node_modules/source-map": {
			"version": "0.6.1",
			"resolved": "https://registry.npmjs.org/source-map/-/source-map-0.6.1.tgz",
			"integrity": "sha512-UjgapumWlbMhkBgzT7Ykc5YXUT46F0iKu8SGXq0bcwP5dz/h0Plj6enJqjz1Zbq2l5WaqYnrVbwWOWMyF3F47g==",
			"license": "BSD-3-Clause",
			"engines": {
				"node": ">=0.10.0"
			}
		},
		"node_modules/typescript": {
			"version": "4.9.5",
			"resolved": "https://registry.npmjs.org/typescript/-/typescript-4.9.5.tgz",
			"integrity": "sha512-1FXk9E2Hm+QzZQ7z+McJiHL4NW1F2EzMu9Nq9i3zAaGqibafqYwCVU6WyWAuyQRRzOlxou8xZSyXLEN8oKj24g==",
			"license": "Apache-2.0",
			"bin": {
				"tsc": "bin/tsc",
				"tsserver": "bin/tsserver"
			},
			"engines": {
				"node": ">=4.2.0"
			}
		},
		"node_modules/uglify-js": {
			"version": "3.19.3",
			"resolved": "https://registry.npmjs.org/uglify-js/-/uglify-js-3.19.3.tgz",
			"integrity": "sha512-v3Xu+yuwBXisp6QYTcH4UbH+xYJXqnq2m/LtQVWKWzYc1iehYnLixoQDN9FH6/j9/oybfd6W9Ghwkl8+UMKTKQ==",
			"license": "BSD-2-Clause",
			"optional": true,
			"bin": {
				"uglifyjs": "bin/uglifyjs"
			},
			"engines": {
				"node": ">=0.8.0"
			}
		},
		"node_modules/underscore": {
			"version": "1.13.7",
			"resolved": "https://registry.npmjs.org/underscore/-/underscore-1.13.7.tgz",
			"integrity": "sha512-GMXzWtsc57XAtguZgaQViUOzs0KTkk8ojr3/xAxXLITqf/3EMwxC0inyETfDFjH/Krbhuep0HNbbjI9i/q3F3g==",
			"license": "MIT"
		},
		"node_modules/undici-types": {
			"version": "6.19.8",
			"resolved": "https://registry.npmjs.org/undici-types/-/undici-types-6.19.8.tgz",
			"integrity": "sha512-ve2KP6f/JnbPBFyobGHuerC9g1FYGn/F8n1LWTwNxCEzd6IfqTwUQcNXgEtmmQ6DlRrC1hrSrBnCZPokRrDHjw==",
			"dev": true,
			"license": "MIT"
		},
		"node_modules/vscode-jsonrpc": {
			"version": "4.0.0",
			"resolved": "https://registry.npmjs.org/vscode-jsonrpc/-/vscode-jsonrpc-4.0.0.tgz",
			"integrity": "sha512-perEnXQdQOJMTDFNv+UF3h1Y0z4iSiaN9jIlb0OqIYgosPCZGYh/MCUlkFtV2668PL69lRDO32hmvL2yiidUYg==",
			"license": "MIT",
			"engines": {
				"node": ">=8.0.0 || >=10.0.0"
			}
		},
		"node_modules/vscode-languageclient": {
			"version": "5.2.1",
			"resolved": "https://registry.npmjs.org/vscode-languageclient/-/vscode-languageclient-5.2.1.tgz",
			"integrity": "sha512-7jrS/9WnV0ruqPamN1nE7qCxn0phkH5LjSgSp9h6qoJGoeAKzwKz/PF6M+iGA/aklx4GLZg1prddhEPQtuXI1Q==",
			"license": "MIT",
			"dependencies": {
				"semver": "^5.5.0",
				"vscode-languageserver-protocol": "3.14.1"
			},
			"engines": {
				"vscode": "^1.30"
			}
		},
		"node_modules/vscode-languageserver-protocol": {
			"version": "3.14.1",
			"resolved": "https://registry.npmjs.org/vscode-languageserver-protocol/-/vscode-languageserver-protocol-3.14.1.tgz",
			"integrity": "sha512-IL66BLb2g20uIKog5Y2dQ0IiigW0XKrvmWiOvc0yXw80z3tMEzEnHjaGAb3ENuU7MnQqgnYJ1Cl2l9RvNgDi4g==",
			"license": "MIT",
			"dependencies": {
				"vscode-jsonrpc": "^4.0.0",
				"vscode-languageserver-types": "3.14.0"
			}
		},
		"node_modules/vscode-languageserver-types": {
			"version": "3.14.0",
			"resolved": "https://registry.npmjs.org/vscode-languageserver-types/-/vscode-languageserver-types-3.14.0.tgz",
			"integrity": "sha512-lTmS6AlAlMHOvPQemVwo3CezxBp0sNB95KNPkqp3Nxd5VFEnuG1ByM0zlRWos0zjO3ZWtkvhal0COgiV1xIA4A==",
			"license": "MIT"
		},
		"node_modules/wordwrap": {
			"version": "1.0.0",
			"resolved": "https://registry.npmjs.org/wordwrap/-/wordwrap-1.0.0.tgz",
			"integrity": "sha512-gvVzJFlPycKc5dZN4yPkP8w7Dc37BtP1yczEneOb4uq34pXZcvrtRTmWV8W+Ume+XCxKgbjM+nevkyFPMybd4Q==",
			"license": "MIT"
		},
		"node_modules/xterm": {
			"version": "4.19.0",
			"resolved": "https://registry.npmjs.org/xterm/-/xterm-4.19.0.tgz",
			"integrity": "sha512-c3Cp4eOVsYY5Q839dR5IejghRPpxciGmLWWaP9g+ppfMeBChMeLa1DCA+pmX/jyDZ+zxFOmlJL/82qVdayVoGQ==",
			"deprecated": "This package is now deprecated. Move to @xterm/xterm instead.",
			"license": "MIT"
		}
	}
}
