{
	"name": "pvs2html",
	"version": "1.0.0",
	"lockfileVersion": 2,
	"requires": true,
	"packages": {
		"": {
			"name": "pvs2html",
			"version": "1.0.0",
			"license": "NASA-1.3",
			"dependencies": {
				"typescript": "^4.9.3"
			},
			"devDependencies": {
				"@types/node": "^18.11.11"
			}
		},
		"node_modules/@types/node": {
			"version": "18.11.11",
			"resolved": "https://registry.npmjs.org/@types/node/-/node-18.11.11.tgz",
			"integrity": "sha512-KJ021B1nlQUBLopzZmPBVuGU9un7WJd/W4ya7Ih02B4Uwky5Nja0yGYav2EfYIk0RR2Q9oVhf60S2XR1BCWJ2g==",
			"dev": true
		},
		"node_modules/typescript": {
			"version": "4.9.3",
			"resolved": "https://registry.npmjs.org/typescript/-/typescript-4.9.3.tgz",
			"integrity": "sha512-CIfGzTelbKNEnLpLdGFgdyKhG23CKdKgQPOBc+OUNrkJ2vr+KSzsSV5kq5iWhEQbok+quxgGzrAtGWCyU7tHnA==",
			"bin": {
				"tsc": "bin/tsc",
				"tsserver": "bin/tsserver"
			},
			"engines": {
				"node": ">=4.2.0"
			}
		}
	},
	"dependencies": {
		"@types/node": {
			"version": "18.11.11",
			"resolved": "https://registry.npmjs.org/@types/node/-/node-18.11.11.tgz",
			"integrity": "sha512-KJ021B1nlQUBLopzZmPBVuGU9un7WJd/W4ya7Ih02B4Uwky5Nja0yGYav2EfYIk0RR2Q9oVhf60S2XR1BCWJ2g==",
			"dev": true
		},
		"typescript": {
			"version": "4.9.3",
			"resolved": "https://registry.npmjs.org/typescript/-/typescript-4.9.3.tgz",
			"integrity": "sha512-CIfGzTelbKNEnLpLdGFgdyKhG23CKdKgQPOBc+OUNrkJ2vr+KSzsSV5kq5iWhEQbok+quxgGzrAtGWCyU7tHnA=="
		}
	}
}
